// !$*UTF8*$!
{
	archiveVersion = 1;
	classes = {
	};
	objectVersion = 55;
	objects = {

/* Begin PBXBuildFile section */
		04829F0D284E4AD0002E5C72 /* afl4_keebwikiApp.swift in Sources */ = {isa = PBXBuildFile; fileRef = 04829F0C284E4AD0002E5C72 /* afl4_keebwikiApp.swift */; };
		04829F0F284E4AD0002E5C72 /* ContentView.swift in Sources */ = {isa = PBXBuildFile; fileRef = 04829F0E284E4AD0002E5C72 /* ContentView.swift */; };
		04829F11284E4AD1002E5C72 /* Assets.xcassets in Resources */ = {isa = PBXBuildFile; fileRef = 04829F10284E4AD1002E5C72 /* Assets.xcassets */; };
		04829F14284E4AD1002E5C72 /* Preview Assets.xcassets in Resources */ = {isa = PBXBuildFile; fileRef = 04829F13284E4AD1002E5C72 /* Preview Assets.xcassets */; };
		04AFEA32284E55A500245EE9 /* SplashScreenView.swift in Sources */ = {isa = PBXBuildFile; fileRef = 04AFEA31284E55A500245EE9 /* SplashScreenView.swift */; };
		04AFEA37284E5A5D00245EE9 /* FavoriteView.swift in Sources */ = {isa = PBXBuildFile; fileRef = 04AFEA36284E5A5D00245EE9 /* FavoriteView.swift */; };
		04AFEA39284E5A6500245EE9 /* ProfileVIew.swift in Sources */ = {isa = PBXBuildFile; fileRef = 04AFEA38284E5A6500245EE9 /* ProfileVIew.swift */; };
		04AFEA3D284E5F4700245EE9 /* ModelData.swift in Sources */ = {isa = PBXBuildFile; fileRef = 04AFEA3C284E5F4700245EE9 /* ModelData.swift */; };
		04AFEA44284E60A300245EE9 /* keyboardData.json in Resources */ = {isa = PBXBuildFile; fileRef = 04AFEA43284E60A300245EE9 /* keyboardData.json */; };
		04AFEA46284E60FD00245EE9 /* Keyboard.swift in Sources */ = {isa = PBXBuildFile; fileRef = 04AFEA45284E60FD00245EE9 /* Keyboard.swift */; };
		04AFEA4C284E621400245EE9 /* DetailView.swift in Sources */ = {isa = PBXBuildFile; fileRef = 04AFEA4B284E621400245EE9 /* DetailView.swift */; };
		04AFEA4E284E624100245EE9 /* ItemCard.swift in Sources */ = {isa = PBXBuildFile; fileRef = 04AFEA4D284E624100245EE9 /* ItemCard.swift */; };
		04AFEA50284E62F100245EE9 /* FavoriteButton.swift in Sources */ = {isa = PBXBuildFile; fileRef = 04AFEA4F284E62F100245EE9 /* FavoriteButton.swift */; };
		04AFEA52284E6AE400245EE9 /* HomeView.swift in Sources */ = {isa = PBXBuildFile; fileRef = 04AFEA51284E6AE400245EE9 /* HomeView.swift */; };
/* End PBXBuildFile section */

/* Begin PBXFileReference section */
		04829F09284E4AD0002E5C72 /* afl4_keebwiki.app */ = {isa = PBXFileReference; explicitFileType = wrapper.application; includeInIndex = 0; path = afl4_keebwiki.app; sourceTree = BUILT_PRODUCTS_DIR; };
		04829F0C284E4AD0002E5C72 /* afl4_keebwikiApp.swift */ = {isa = PBXFileReference; lastKnownFileType = sourcecode.swift; path = afl4_keebwikiApp.swift; sourceTree = "<group>"; };
		04829F0E284E4AD0002E5C72 /* ContentView.swift */ = {isa = PBXFileReference; lastKnownFileType = sourcecode.swift; path = ContentView.swift; sourceTree = "<group>"; };
		04829F10284E4AD1002E5C72 /* Assets.xcassets */ = {isa = PBXFileReference; lastKnownFileType = folder.assetcatalog; path = Assets.xcassets; sourceTree = "<group>"; };
		04829F13284E4AD1002E5C72 /* Preview Assets.xcassets */ = {isa = PBXFileReference; lastKnownFileType = folder.assetcatalog; path = "Preview Assets.xcassets"; sourceTree = "<group>"; };
		04AFEA31284E55A500245EE9 /* SplashScreenView.swift */ = {isa = PBXFileReference; lastKnownFileType = sourcecode.swift; path = SplashScreenView.swift; sourceTree = "<group>"; };
		04AFEA36284E5A5D00245EE9 /* FavoriteView.swift */ = {isa = PBXFileReference; lastKnownFileType = sourcecode.swift; path = FavoriteView.swift; sourceTree = "<group>"; };
		04AFEA38284E5A6500245EE9 /* ProfileVIew.swift */ = {isa = PBXFileReference; lastKnownFileType = sourcecode.swift; path = ProfileVIew.swift; sourceTree = "<group>"; };
		04AFEA3C284E5F4700245EE9 /* ModelData.swift */ = {isa = PBXFileReference; lastKnownFileType = sourcecode.swift; path = ModelData.swift; sourceTree = "<group>"; };
		04AFEA43284E60A300245EE9 /* keyboardData.json */ = {isa = PBXFileReference; fileEncoding = 4; lastKnownFileType = text.json; name = keyboardData.json; path = "../../../amad-afl4-keeb-wiki-rey/amad-afl4-keeb-wiki/Resources/keyboardData.json"; sourceTree = "<group>"; };
		04AFEA45284E60FD00245EE9 /* Keyboard.swift */ = {isa = PBXFileReference; lastKnownFileType = sourcecode.swift; path = Keyboard.swift; sourceTree = "<group>"; };
		04AFEA4B284E621400245EE9 /* DetailView.swift */ = {isa = PBXFileReference; lastKnownFileType = sourcecode.swift; path = DetailView.swift; sourceTree = "<group>"; };
		04AFEA4D284E624100245EE9 /* ItemCard.swift */ = {isa = PBXFileReference; lastKnownFileType = sourcecode.swift; path = ItemCard.swift; sourceTree = "<group>"; };
		04AFEA4F284E62F100245EE9 /* FavoriteButton.swift */ = {isa = PBXFileReference; lastKnownFileType = sourcecode.swift; path = FavoriteButton.swift; sourceTree = "<group>"; };
		04AFEA51284E6AE400245EE9 /* HomeView.swift */ = {isa = PBXFileReference; lastKnownFileType = sourcecode.swift; path = HomeView.swift; sourceTree = "<group>"; };
/* End PBXFileReference section */

/* Begin PBXFrameworksBuildPhase section */
		04829F06284E4AD0002E5C72 /* Frameworks */ = {
			isa = PBXFrameworksBuildPhase;
			buildActionMask = 2147483647;
			files = (
			);
			runOnlyForDeploymentPostprocessing = 0;
		};
/* End PBXFrameworksBuildPhase section */

/* Begin PBXGroup section */
		04829F00284E4AD0002E5C72 = {
			isa = PBXGroup;
			children = (
				04829F0B284E4AD0002E5C72 /* afl4_keebwiki */,
				04829F0A284E4AD0002E5C72 /* Products */,
			);
			sourceTree = "<group>";
		};
		04829F0A284E4AD0002E5C72 /* Products */ = {
			isa = PBXGroup;
			children = (
				04829F09284E4AD0002E5C72 /* afl4_keebwiki.app */,
			);
			name = Products;
			sourceTree = "<group>";
		};
		04829F0B284E4AD0002E5C72 /* afl4_keebwiki */ = {
			isa = PBXGroup;
			children = (
				04AFEA3B284E5F2800245EE9 /* Resources */,
				04AFEA3A284E5F2100245EE9 /* Models */,
				04AFEA33284E5A3000245EE9 /* Views */,
				04829F0C284E4AD0002E5C72 /* afl4_keebwikiApp.swift */,
				04829F0E284E4AD0002E5C72 /* ContentView.swift */,
				04AFEA31284E55A500245EE9 /* SplashScreenView.swift */,
				04829F10284E4AD1002E5C72 /* Assets.xcassets */,
				04829F12284E4AD1002E5C72 /* Preview Content */,
			);
			path = afl4_keebwiki;
			sourceTree = "<group>";
		};
		04829F12284E4AD1002E5C72 /* Preview Content */ = {
			isa = PBXGroup;
			children = (
				04829F13284E4AD1002E5C72 /* Preview Assets.xcassets */,
			);
			path = "Preview Content";
			sourceTree = "<group>";
		};
		04AFEA33284E5A3000245EE9 /* Views */ = {
			isa = PBXGroup;
			children = (
				04AFEA51284E6AE400245EE9 /* HomeView.swift */,
				04AFEA36284E5A5D00245EE9 /* FavoriteView.swift */,
				04AFEA38284E5A6500245EE9 /* ProfileVIew.swift */,
				04AFEA4B284E621400245EE9 /* DetailView.swift */,
				04AFEA4D284E624100245EE9 /* ItemCard.swift */,
				04AFEA4F284E62F100245EE9 /* FavoriteButton.swift */,
			);
			path = Views;
			sourceTree = "<group>";
		};
		04AFEA3A284E5F2100245EE9 /* Models */ = {
			isa = PBXGroup;
			children = (
				04AFEA3C284E5F4700245EE9 /* ModelData.swift */,
				04AFEA45284E60FD00245EE9 /* Keyboard.swift */,
			);
			path = Models;
			sourceTree = "<group>";
		};
		04AFEA3B284E5F2800245EE9 /* Resources */ = {
			isa = PBXGroup;
			children = (
				04AFEA43284E60A300245EE9 /* keyboardData.json */,
			);
			path = Resources;
			sourceTree = "<group>";
		};
/* End PBXGroup section */

/* Begin PBXNativeTarget section */
		04829F08284E4AD0002E5C72 /* afl4_keebwiki */ = {
			isa = PBXNativeTarget;
			buildConfigurationList = 04829F17284E4AD1002E5C72 /* Build configuration list for PBXNativeTarget "afl4_keebwiki" */;
			buildPhases = (
				04829F05284E4AD0002E5C72 /* Sources */,
				04829F06284E4AD0002E5C72 /* Frameworks */,
				04829F07284E4AD0002E5C72 /* Resources */,
			);
			buildRules = (
			);
			dependencies = (
			);
			name = afl4_keebwiki;
			productName = afl4_keebwiki;
			productReference = 04829F09284E4AD0002E5C72 /* afl4_keebwiki.app */;
			productType = "com.apple.product-type.application";
		};
/* End PBXNativeTarget section */

/* Begin PBXProject section */
		04829F01284E4AD0002E5C72 /* Project object */ = {
			isa = PBXProject;
			attributes = {
				BuildIndependentTargetsInParallel = 1;
				LastSwiftUpdateCheck = 1320;
				LastUpgradeCheck = 1320;
				TargetAttributes = {
					04829F08284E4AD0002E5C72 = {
						CreatedOnToolsVersion = 13.2.1;
					};
				};
			};
			buildConfigurationList = 04829F04284E4AD0002E5C72 /* Build configuration list for PBXProject "afl4_keebwiki" */;
			compatibilityVersion = "Xcode 13.0";
			developmentRegion = en;
			hasScannedForEncodings = 0;
			knownRegions = (
				en,
				Base,
			);
			mainGroup = 04829F00284E4AD0002E5C72;
			productRefGroup = 04829F0A284E4AD0002E5C72 /* Products */;
			projectDirPath = "";
			projectRoot = "";
			targets = (
				04829F08284E4AD0002E5C72 /* afl4_keebwiki */,
			);
		};
/* End PBXProject section */

/* Begin PBXResourcesBuildPhase section */
		04829F07284E4AD0002E5C72 /* Resources */ = {
			isa = PBXResourcesBuildPhase;
			buildActionMask = 2147483647;
			files = (
				04AFEA44284E60A300245EE9 /* keyboardData.json in Resources */,
				04829F14284E4AD1002E5C72 /* Preview Assets.xcassets in Resources */,
				04829F11284E4AD1002E5C72 /* Assets.xcassets in Resources */,
			);
			runOnlyForDeploymentPostprocessing = 0;
		};
/* End PBXResourcesBuildPhase section */

/* Begin PBXSourcesBuildPhase section */
		04829F05284E4AD0002E5C72 /* Sources */ = {
			isa = PBXSourcesBuildPhase;
			buildActionMask = 2147483647;
			files = (
				04829F0F284E4AD0002E5C72 /* ContentView.swift in Sources */,
				04AFEA4C284E621400245EE9 /* DetailView.swift in Sources */,
				04AFEA46284E60FD00245EE9 /* Keyboard.swift in Sources */,
				04AFEA4E284E624100245EE9 /* ItemCard.swift in Sources */,
				04AFEA39284E5A6500245EE9 /* ProfileVIew.swift in Sources */,
				04AFEA52284E6AE400245EE9 /* HomeView.swift in Sources */,
				04829F0D284E4AD0002E5C72 /* afl4_keebwikiApp.swift in Sources */,
				04AFEA37284E5A5D00245EE9 /* FavoriteView.swift in Sources */,
				04AFEA32284E55A500245EE9 /* SplashScreenView.swift in Sources */,
				04AFEA50284E62F100245EE9 /* FavoriteButton.swift in Sources */,
				04AFEA3D284E5F4700245EE9 /* ModelData.swift in Sources */,
			);
			runOnlyForDeploymentPostprocessing = 0;
		};
/* End PBXSourcesBuildPhase section */

/* Begin XCBuildConfiguration section */
		04829F15284E4AD1002E5C72 /* Debug */ = {
			isa = XCBuildConfiguration;
			buildSettings = {
				ALWAYS_SEARCH_USER_PATHS = NO;
				CLANG_ANALYZER_NONNULL = YES;
				CLANG_ANALYZER_NUMBER_OBJECT_CONVERSION = YES_AGGRESSIVE;
				CLANG_CXX_LANGUAGE_STANDARD = "gnu++17";
				CLANG_CXX_LIBRARY = "libc++";
				CLANG_ENABLE_MODULES = YES;
				CLANG_ENABLE_OBJC_ARC = YES;
				CLANG_ENABLE_OBJC_WEAK = YES;
				CLANG_WARN_BLOCK_CAPTURE_AUTORELEASING = YES;
				CLANG_WARN_BOOL_CONVERSION = YES;
				CLANG_WARN_COMMA = YES;
				CLANG_WARN_CONSTANT_CONVERSION = YES;
				CLANG_WARN_DEPRECATED_OBJC_IMPLEMENTATIONS = YES;
				CLANG_WARN_DIRECT_OBJC_ISA_USAGE = YES_ERROR;
				CLANG_WARN_DOCUMENTATION_COMMENTS = YES;
				CLANG_WARN_EMPTY_BODY = YES;
				CLANG_WARN_ENUM_CONVERSION = YES;
				CLANG_WARN_INFINITE_RECURSION = YES;
				CLANG_WARN_INT_CONVERSION = YES;
				CLANG_WARN_NON_LITERAL_NULL_CONVERSION = YES;
				CLANG_WARN_OBJC_IMPLICIT_RETAIN_SELF = YES;
				CLANG_WARN_OBJC_LITERAL_CONVERSION = YES;
				CLANG_WARN_OBJC_ROOT_CLASS = YES_ERROR;
				CLANG_WARN_QUOTED_INCLUDE_IN_FRAMEWORK_HEADER = YES;
				CLANG_WARN_RANGE_LOOP_ANALYSIS = YES;
				CLANG_WARN_STRICT_PROTOTYPES = YES;
				CLANG_WARN_SUSPICIOUS_MOVE = YES;
				CLANG_WARN_UNGUARDED_AVAILABILITY = YES_AGGRESSIVE;
				CLANG_WARN_UNREACHABLE_CODE = YES;
				CLANG_WARN__DUPLICATE_METHOD_MATCH = YES;
				COPY_PHASE_STRIP = NO;
				DEBUG_INFORMATION_FORMAT = dwarf;
				ENABLE_STRICT_OBJC_MSGSEND = YES;
				ENABLE_TESTABILITY = YES;
				GCC_C_LANGUAGE_STANDARD = gnu11;
				GCC_DYNAMIC_NO_PIC = NO;
				GCC_NO_COMMON_BLOCKS = YES;
				GCC_OPTIMIZATION_LEVEL = 0;
				GCC_PREPROCESSOR_DEFINITIONS = (
					"DEBUG=1",
					"$(inherited)",
				);
				GCC_WARN_64_TO_32_BIT_CONVERSION = YES;
				GCC_WARN_ABOUT_RETURN_TYPE = YES_ERROR;
				GCC_WARN_UNDECLARED_SELECTOR = YES;
				GCC_WARN_UNINITIALIZED_AUTOS = YES_AGGRESSIVE;
				GCC_WARN_UNUSED_FUNCTION = YES;
				GCC_WARN_UNUSED_VARIABLE = YES;
				IPHONEOS_DEPLOYMENT_TARGET = 15.2;
				MTL_ENABLE_DEBUG_INFO = INCLUDE_SOURCE;
				MTL_FAST_MATH = YES;
				ONLY_ACTIVE_ARCH = YES;
				SDKROOT = iphoneos;
				SWIFT_ACTIVE_COMPILATION_CONDITIONS = DEBUG;
				SWIFT_OPTIMIZATION_LEVEL = "-Onone";
			};
			name = Debug;
		};
		04829F16284E4AD1002E5C72 /* Release */ = {
			isa = XCBuildConfiguration;
			buildSettings = {
				ALWAYS_SEARCH_USER_PATHS = NO;
				CLANG_ANALYZER_NONNULL = YES;
				CLANG_ANALYZER_NUMBER_OBJECT_CONVERSION = YES_AGGRESSIVE;
				CLANG_CXX_LANGUAGE_STANDARD = "gnu++17";
				CLANG_CXX_LIBRARY = "libc++";
				CLANG_ENABLE_MODULES = YES;
				CLANG_ENABLE_OBJC_ARC = YES;
				CLANG_ENABLE_OBJC_WEAK = YES;
				CLANG_WARN_BLOCK_CAPTURE_AUTORELEASING = YES;
				CLANG_WARN_BOOL_CONVERSION = YES;
				CLANG_WARN_COMMA = YES;
				CLANG_WARN_CONSTANT_CONVERSION = YES;
				CLANG_WARN_DEPRECATED_OBJC_IMPLEMENTATIONS = YES;
				CLANG_WARN_DIRECT_OBJC_ISA_USAGE = YES_ERROR;
				CLANG_WARN_DOCUMENTATION_COMMENTS = YES;
				CLANG_WARN_EMPTY_BODY = YES;
				CLANG_WARN_ENUM_CONVERSION = YES;
				CLANG_WARN_INFINITE_RECURSION = YES;
				CLANG_WARN_INT_CONVERSION = YES;
				CLANG_WARN_NON_LITERAL_NULL_CONVERSION = YES;
				CLANG_WARN_OBJC_IMPLICIT_RETAIN_SELF = YES;
				CLANG_WARN_OBJC_LITERAL_CONVERSION = YES;
				CLANG_WARN_OBJC_ROOT_CLASS = YES_ERROR;
				CLANG_WARN_QUOTED_INCLUDE_IN_FRAMEWORK_HEADER = YES;
				CLANG_WARN_RANGE_LOOP_ANALYSIS = YES;
				CLANG_WARN_STRICT_PROTOTYPES = YES;
				CLANG_WARN_SUSPICIOUS_MOVE = YES;
				CLANG_WARN_UNGUARDED_AVAILABILITY = YES_AGGRESSIVE;
				CLANG_WARN_UNREACHABLE_CODE = YES;
				CLANG_WARN__DUPLICATE_METHOD_MATCH = YES;
				COPY_PHASE_STRIP = NO;
				DEBUG_INFORMATION_FORMAT = "dwarf-with-dsym";
				ENABLE_NS_ASSERTIONS = NO;
				ENABLE_STRICT_OBJC_MSGSEND = YES;
				GCC_C_LANGUAGE_STANDARD = gnu11;
				GCC_NO_COMMON_BLOCKS = YES;
				GCC_WARN_64_TO_32_BIT_CONVERSION = YES;
				GCC_WARN_ABOUT_RETURN_TYPE = YES_ERROR;
				GCC_WARN_UNDECLARED_SELECTOR = YES;
				GCC_WARN_UNINITIALIZED_AUTOS = YES_AGGRESSIVE;
				GCC_WARN_UNUSED_FUNCTION = YES;
				GCC_WARN_UNUSED_VARIABLE = YES;
				IPHONEOS_DEPLOYMENT_TARGET = 15.2;
				MTL_ENABLE_DEBUG_INFO = NO;
				MTL_FAST_MATH = YES;
				SDKROOT = iphoneos;
				SWIFT_COMPILATION_MODE = wholemodule;
				SWIFT_OPTIMIZATION_LEVEL = "-O";
				VALIDATE_PRODUCT = YES;
			};
			name = Release;
		};
		04829F18284E4AD1002E5C72 /* Debug */ = {
			isa = XCBuildConfiguration;
			buildSettings = {
				ASSETCATALOG_COMPILER_APPICON_NAME = AppIcon;
				ASSETCATALOG_COMPILER_GLOBAL_ACCENT_COLOR_NAME = AccentColor;
				CODE_SIGN_STYLE = Automatic;
				CURRENT_PROJECT_VERSION = 1;
				DEVELOPMENT_ASSET_PATHS = "\"afl4_keebwiki/Preview Content\"";
				ENABLE_PREVIEWS = YES;
				GENERATE_INFOPLIST_FILE = YES;
				INFOPLIST_KEY_UIApplicationSceneManifest_Generation = YES;
				INFOPLIST_KEY_UIApplicationSupportsIndirectInputEvents = YES;
				INFOPLIST_KEY_UILaunchScreen_Generation = YES;
				INFOPLIST_KEY_UISupportedInterfaceOrientations_iPad = "UIInterfaceOrientationPortrait UIInterfaceOrientationPortraitUpsideDown UIInterfaceOrientationLandscapeLeft UIInterfaceOrientationLandscapeRight";
				INFOPLIST_KEY_UISupportedInterfaceOrientations_iPhone = "UIInterfaceOrientationPortrait UIInterfaceOrientationLandscapeLeft UIInterfaceOrientationLandscapeRight";
				LD_RUNPATH_SEARCH_PATHS = (
					"$(inherited)",
					"@executable_path/Frameworks",
				);
				MARKETING_VERSION = 1.0;
				PRODUCT_BUNDLE_IDENTIFIER = "com.example.apple-samplecode.afl4-keebwiki";
				PRODUCT_NAME = "$(TARGET_NAME)";
				SWIFT_EMIT_LOC_STRINGS = YES;
				SWIFT_VERSION = 5.0;
				TARGETED_DEVICE_FAMILY = "1,2";
			};
			name = Debug;
		};
		04829F19284E4AD1002E5C72 /* Release */ = {
			isa = XCBuildConfiguration;
			buildSettings = {
				ASSETCATALOG_COMPILER_APPICON_NAME = AppIcon;
				ASSETCATALOG_COMPILER_GLOBAL_ACCENT_COLOR_NAME = AccentColor;
				CODE_SIGN_STYLE = Automatic;
				CURRENT_PROJECT_VERSION = 1;
				DEVELOPMENT_ASSET_PATHS = "\"afl4_keebwiki/Preview Content\"";
				ENABLE_PREVIEWS = YES;
				GENERATE_INFOPLIST_FILE = YES;
				INFOPLIST_KEY_UIApplicationSceneManifest_Generation = YES;
				INFOPLIST_KEY_UIApplicationSupportsIndirectInputEvents = YES;
				INFOPLIST_KEY_UILaunchScreen_Generation = YES;
				INFOPLIST_KEY_UISupportedInterfaceOrientations_iPad = "UIInterfaceOrientationPortrait UIInterfaceOrientationPortraitUpsideDown UIInterfaceOrientationLandscapeLeft UIInterfaceOrientationLandscapeRight";
				INFOPLIST_KEY_UISupportedInterfaceOrientations_iPhone = "UIInterfaceOrientationPortrait UIInterfaceOrientationLandscapeLeft UIInterfaceOrientationLandscapeRight";
				LD_RUNPATH_SEARCH_PATHS = (
					"$(inherited)",
					"@executable_path/Frameworks",
				);
				MARKETING_VERSION = 1.0;
				PRODUCT_BUNDLE_IDENTIFIER = "com.example.apple-samplecode.afl4-keebwiki";
				PRODUCT_NAME = "$(TARGET_NAME)";
				SWIFT_EMIT_LOC_STRINGS = YES;
				SWIFT_VERSION = 5.0;
				TARGETED_DEVICE_FAMILY = "1,2";
			};
			name = Release;
		};
/* End XCBuildConfiguration section */

/* Begin XCConfigurationList section */
		04829F04284E4AD0002E5C72 /* Build configuration list for PBXProject "afl4_keebwiki" */ = {
			isa = XCConfigurationList;
			buildConfigurations = (
				04829F15284E4AD1002E5C72 /* Debug */,
				04829F16284E4AD1002E5C72 /* Release */,
			);
			defaultConfigurationIsVisible = 0;
			defaultConfigurationName = Release;
		};
		04829F17284E4AD1002E5C72 /* Build configuration list for PBXNativeTarget "afl4_keebwiki" */ = {
			isa = XCConfigurationList;
			buildConfigurations = (
				04829F18284E4AD1002E5C72 /* Debug */,
				04829F19284E4AD1002E5C72 /* Release */,
			);
			defaultConfigurationIsVisible = 0;
			defaultConfigurationName = Release;
		};
/* End XCConfigurationList section */
	};
	rootObject = 04829F01284E4AD0002E5C72 /* Project object */;
}
